
Microsoft Visual Studio Solution File, Format Version 12.00
# Visual Studio Version 16
VisualStudioVersion = 16.0.30309.148
MinimumVisualStudioVersion = 10.0.40219.1
Project("{9A19103F-16F7-4668-BE54-9A1E7A4F7556}") = "MakersTest.Web", "MakersTest.Web\MakersTest.Web.csproj", "{EEB89F24-0B6A-41D3-8E71-B3FA565A621A}"
EndProject
Project("{9A19103F-16F7-4668-BE54-9A1E7A4F7556}") = "MakersTest.API", "MakersTest.API\MakersTest.API.csproj", "{07459844-1BD7-4C74-80BA-F2135C73AA7C}"
EndProject
Project("{9A19103F-16F7-4668-BE54-9A1E7A4F7556}") = "MakersTest.APIMakers", "MakersTest.APIMakers\MakersTest.APIMakers.csproj", "{E61E6B61-1D09-467A-8763-56DD99C030AF}"
EndProject
Global
	GlobalSection(SolutionConfigurationPlatforms) = preSolution
		Debug|Any CPU = Debug|Any CPU
		Release|Any CPU = Release|Any CPU
	EndGlobalSection
	GlobalSection(ProjectConfigurationPlatforms) = postSolution
		{EEB89F24-0B6A-41D3-8E71-B3FA565A621A}.Debug|Any CPU.ActiveCfg = Debug|Any CPU
		{EEB89F24-0B6A-41D3-8E71-B3FA565A621A}.Debug|Any CPU.Build.0 = Debug|Any CPU
		{EEB89F24-0B6A-41D3-8E71-B3FA565A621A}.Release|Any CPU.ActiveCfg = Release|Any CPU
		{EEB89F24-0B6A-41D3-8E71-B3FA565A621A}.Release|Any CPU.Build.0 = Release|Any CPU
		{07459844-1BD7-4C74-80BA-F2135C73AA7C}.Debug|Any CPU.ActiveCfg = Debug|Any CPU
		{07459844-1BD7-4C74-80BA-F2135C73AA7C}.Debug|Any CPU.Build.0 = Debug|Any CPU
		{07459844-1BD7-4C74-80BA-F2135C73AA7C}.Release|Any CPU.ActiveCfg = Release|Any CPU
		{07459844-1BD7-4C74-80BA-F2135C73AA7C}.Release|Any CPU.Build.0 = Release|Any CPU
		{E61E6B61-1D09-467A-8763-56DD99C030AF}.Debug|Any CPU.ActiveCfg = Debug|Any CPU
		{E61E6B61-1D09-467A-8763-56DD99C030AF}.Debug|Any CPU.Build.0 = Debug|Any CPU
		{E61E6B61-1D09-467A-8763-56DD99C030AF}.Release|Any CPU.ActiveCfg = Release|Any CPU
		{E61E6B61-1D09-467A-8763-56DD99C030AF}.Release|Any CPU.Build.0 = Release|Any CPU
	EndGlobalSection
	GlobalSection(SolutionProperties) = preSolution
		HideSolutionNode = FALSE
	EndGlobalSection
	GlobalSection(ExtensibilityGlobals) = postSolution
		SolutionGuid = {4B24D510-89A7-4A66-965D-1F88E45F710D}
	EndGlobalSection
EndGlobal
